
Microsoft Visual Studio Solution File, Format Version 12.00
# Visual Studio Version 17
VisualStudioVersion = 17.7.34202.233
MinimumVisualStudioVersion = 10.0.40219.1
Project("{FAE04EC0-301F-11D3-BF4B-00C04F79EFBC}") = "Resistance Calculator", "Resistance Calculator\Resistance Calculator.csproj", "{EA4EC9BA-B3CF-47D0-A7FA-EC46C851A4CF}"
EndProject
Global
	GlobalSection(SolutionConfigurationPlatforms) = preSolution
		Debug|Any CPU = Debug|Any CPU
		Release|Any CPU = Release|Any CPU
	EndGlobalSection
	GlobalSection(ProjectConfigurationPlatforms) = postSolution
		{EA4EC9BA-B3CF-47D0-A7FA-EC46C851A4CF}.Debug|Any CPU.ActiveCfg = Debug|Any CPU
		{EA4EC9BA-B3CF-47D0-A7FA-EC46C851A4CF}.Debug|Any CPU.Build.0 = Debug|Any CPU
		{EA4EC9BA-B3CF-47D0-A7FA-EC46C851A4CF}.Release|Any CPU.ActiveCfg = Release|Any CPU
		{EA4EC9BA-B3CF-47D0-A7FA-EC46C851A4CF}.Release|Any CPU.Build.0 = Release|Any CPU
	EndGlobalSection
	GlobalSection(SolutionProperties) = preSolution
		HideSolutionNode = FALSE
	EndGlobalSection
	GlobalSection(ExtensibilityGlobals) = postSolution
		SolutionGuid = {ADE7EC76-2BFC-4745-BC64-716D286DF670}
	EndGlobalSection
EndGlobal
